
Microsoft Visual Studio Solution File, Format Version 12.00
# Visual Studio Version 17
VisualStudioVersion = 17.1.32407.343
MinimumVisualStudioVersion = 10.0.40219.1
Project("{FAE04EC0-301F-11D3-BF4B-00C04F79EFBC}") = "ManageOnline", "ManageOnline\ManageOnline.csproj", "{0F9F6B13-8F95-48EC-8AF6-3DC86292539E}"
EndProject
Global
	GlobalSection(SolutionConfigurationPlatforms) = preSolution
		Debug|Any CPU = Debug|Any CPU
		Release|Any CPU = Release|Any CPU
	EndGlobalSection
	GlobalSection(ProjectConfigurationPlatforms) = postSolution
		{0F9F6B13-8F95-48EC-8AF6-3DC86292539E}.Debug|Any CPU.ActiveCfg = Debug|Any CPU
		{0F9F6B13-8F95-48EC-8AF6-3DC86292539E}.Debug|Any CPU.Build.0 = Debug|Any CPU
		{0F9F6B13-8F95-48EC-8AF6-3DC86292539E}.Release|Any CPU.ActiveCfg = Release|Any CPU
		{0F9F6B13-8F95-48EC-8AF6-3DC86292539E}.Release|Any CPU.Build.0 = Release|Any CPU
	EndGlobalSection
	GlobalSection(SolutionProperties) = preSolution
		HideSolutionNode = FALSE
	EndGlobalSection
	GlobalSection(ExtensibilityGlobals) = postSolution
		SolutionGuid = {BB201629-3CCC-4654-8D7A-98625CD4833F}
	EndGlobalSection
EndGlobal
